// !$*UTF8*$!
{
	archiveVersion = 1;
	classes = {
	};
	objectVersion = 46;
	objects = {

/* Begin PBXBuildFile section */
		1BC73E6B198DDF1D006B5B3C /* asl_logger.c in Sources */ = {isa = PBXBuildFile; fileRef = 1BC73E69198DDF1D006B5B3C /* asl_logger.c */; };
		1BC73E6F198DDFDB006B5B3C /* CoreFoundation.framework in Frameworks */ = {isa = PBXBuildFile; fileRef = 1BC73E6E198DDFDB006B5B3C /* CoreFoundation.framework */; };
		1BC73E74198DE09D006B5B3C /* ASLogger.h in Headers */ = {isa = PBXBuildFile; fileRef = 1BC73E52198DDED5006B5B3C /* ASLogger.h */; settings = {ATTRIBUTES = (Public, ); }; };
		1BC73E75198DE0A0006B5B3C /* asl_logger.h in Headers */ = {isa = PBXBuildFile; fileRef = 1BC73E6A198DDF1D006B5B3C /* asl_logger.h */; settings = {ATTRIBUTES = (Public, ); }; };
		1BC73E77198DE11B006B5B3C /* README.md in Sources */ = {isa = PBXBuildFile; fileRef = 1BC73E76198DE11B006B5B3C /* README.md */; };
/* End PBXBuildFile section */

/* Begin PBXFileReference section */
		1BC73E4F198DDED5006B5B3C /* libASLogger.a */ = {isa = PBXFileReference; explicitFileType = archive.ar; includeInIndex = 0; path = libASLogger.a; sourceTree = BUILT_PRODUCTS_DIR; };
		1BC73E52198DDED5006B5B3C /* ASLogger.h */ = {isa = PBXFileReference; lastKnownFileType = sourcecode.c.h; path = ASLogger.h; sourceTree = "<group>"; };
		1BC73E69198DDF1D006B5B3C /* asl_logger.c */ = {isa = PBXFileReference; fileEncoding = 4; lastKnownFileType = sourcecode.c.c; path = asl_logger.c; sourceTree = "<group>"; };
		1BC73E6A198DDF1D006B5B3C /* asl_logger.h */ = {isa = PBXFileReference; fileEncoding = 4; lastKnownFileType = sourcecode.c.h; path = asl_logger.h; sourceTree = "<group>"; };
		1BC73E6E198DDFDB006B5B3C /* CoreFoundation.framework */ = {isa = PBXFileReference; lastKnownFileType = wrapper.framework; name = CoreFoundation.framework; path = System/Library/Frameworks/CoreFoundation.framework; sourceTree = SDKROOT; };
		1BC73E76198DE11B006B5B3C /* README.md */ = {isa = PBXFileReference; fileEncoding = 4; lastKnownFileType = net.daringfireball.markdown; path = README.md; sourceTree = "<group>"; };
		1BE009E219DE360B00C73DEA /* ASLogger.xcconfig */ = {isa = PBXFileReference; lastKnownFileType = text.xcconfig; path = ASLogger.xcconfig; sourceTree = "<group>"; };
		1BE009E319DE361200C73DEA /* Warnings.xcconfig */ = {isa = PBXFileReference; lastKnownFileType = text.xcconfig; path = Warnings.xcconfig; sourceTree = "<group>"; };
		1BE009E419DE364500C73DEA /* Analyzer.xcconfig */ = {isa = PBXFileReference; lastKnownFileType = text.xcconfig; path = Analyzer.xcconfig; sourceTree = "<group>"; };
/* End PBXFileReference section */

/* Begin PBXFrameworksBuildPhase section */
		1BC73E4C198DDED5006B5B3C /* Frameworks */ = {
			isa = PBXFrameworksBuildPhase;
			buildActionMask = 2147483647;
			files = (
				1BC73E6F198DDFDB006B5B3C /* CoreFoundation.framework in Frameworks */,
			);
			runOnlyForDeploymentPostprocessing = 0;
		};
/* End PBXFrameworksBuildPhase section */

/* Begin PBXGroup section */
		1BC73E46198DDED5006B5B3C = {
			isa = PBXGroup;
			children = (
				1BC73E76198DE11B006B5B3C /* README.md */,
				1BE009E219DE360B00C73DEA /* ASLogger.xcconfig */,
				1BE009E319DE361200C73DEA /* Warnings.xcconfig */,
				1BE009E419DE364500C73DEA /* Analyzer.xcconfig */,
				1BC73E51198DDED5006B5B3C /* ASLogger */,
				1BC73E70198DDFE2006B5B3C /* Frameworks */,
				1BC73E50198DDED5006B5B3C /* Products */,
			);
			sourceTree = "<group>";
		};
		1BC73E50198DDED5006B5B3C /* Products */ = {
			isa = PBXGroup;
			children = (
				1BC73E4F198DDED5006B5B3C /* libASLogger.a */,
			);
			name = Products;
			sourceTree = "<group>";
		};
		1BC73E51198DDED5006B5B3C /* ASLogger */ = {
			isa = PBXGroup;
			children = (
				1BC73E52198DDED5006B5B3C /* ASLogger.h */,
				1BC73E69198DDF1D006B5B3C /* asl_logger.c */,
				1BC73E6A198DDF1D006B5B3C /* asl_logger.h */,
			);
			path = ASLogger;
			sourceTree = "<group>";
		};
		1BC73E70198DDFE2006B5B3C /* Frameworks */ = {
			isa = PBXGroup;
			children = (
				1BC73E6E198DDFDB006B5B3C /* CoreFoundation.framework */,
			);
			name = Frameworks;
			sourceTree = "<group>";
		};
/* End PBXGroup section */

/* Begin PBXHeadersBuildPhase section */
		1BC73E73198DE095006B5B3C /* Headers */ = {
			isa = PBXHeadersBuildPhase;
			buildActionMask = 2147483647;
			files = (
				1BC73E74198DE09D006B5B3C /* ASLogger.h in Headers */,
				1BC73E75198DE0A0006B5B3C /* asl_logger.h in Headers */,
			);
			runOnlyForDeploymentPostprocessing = 0;
		};
/* End PBXHeadersBuildPhase section */

/* Begin PBXNativeTarget section */
		1BC73E4E198DDED5006B5B3C /* ASLogger */ = {
			isa = PBXNativeTarget;
			buildConfigurationList = 1BC73E63198DDED5006B5B3C /* Build configuration list for PBXNativeTarget "ASLogger" */;
			buildPhases = (
				1BC73E4B198DDED5006B5B3C /* Sources */,
				1BC73E4C198DDED5006B5B3C /* Frameworks */,
				1BC73E73198DE095006B5B3C /* Headers */,
			);
			buildRules = (
			);
			dependencies = (
			);
			name = ASLogger;
			productName = ASLogger;
			productReference = 1BC73E4F198DDED5006B5B3C /* libASLogger.a */;
			productType = "com.apple.product-type.library.static";
		};
/* End PBXNativeTarget section */

/* Begin PBXProject section */
		1BC73E47198DDED5006B5B3C /* Project object */ = {
			isa = PBXProject;
			attributes = {
				LastUpgradeCheck = 0600;
				ORGANIZATIONNAME = "Dan Zinngrabe";
				TargetAttributes = {
					1BC73E4E198DDED5006B5B3C = {
						CreatedOnToolsVersion = 6.0;
					};
				};
			};
			buildConfigurationList = 1BC73E4A198DDED5006B5B3C /* Build configuration list for PBXProject "ASLogger" */;
			compatibilityVersion = "Xcode 3.2";
			developmentRegion = English;
			hasScannedForEncodings = 0;
			knownRegions = (
				en,
			);
			mainGroup = 1BC73E46198DDED5006B5B3C;
			productRefGroup = 1BC73E50198DDED5006B5B3C /* Products */;
			projectDirPath = "";
			projectRoot = "";
			targets = (
				1BC73E4E198DDED5006B5B3C /* ASLogger */,
			);
		};
/* End PBXProject section */

/* Begin PBXSourcesBuildPhase section */
		1BC73E4B198DDED5006B5B3C /* Sources */ = {
			isa = PBXSourcesBuildPhase;
			buildActionMask = 2147483647;
			files = (
				1BC73E77198DE11B006B5B3C /* README.md in Sources */,
				1BC73E6B198DDF1D006B5B3C /* asl_logger.c in Sources */,
			);
			runOnlyForDeploymentPostprocessing = 0;
		};
/* End PBXSourcesBuildPhase section */

/* Begin XCBuildConfiguration section */
		1BC73E61198DDED5006B5B3C /* Debug */ = {
			isa = XCBuildConfiguration;
			buildSettings = {
				ALWAYS_SEARCH_USER_PATHS = NO;
				CLANG_CXX_LANGUAGE_STANDARD = "gnu++0x";
				CLANG_CXX_LIBRARY = "libc++";
				CLANG_ENABLE_MODULES = YES;
				CLANG_ENABLE_OBJC_ARC = YES;
				CLANG_WARN_BOOL_CONVERSION = YES;
				CLANG_WARN_CONSTANT_CONVERSION = YES;
				CLANG_WARN_DIRECT_OBJC_ISA_USAGE = YES_ERROR;
				CLANG_WARN_EMPTY_BODY = YES;
				CLANG_WARN_ENUM_CONVERSION = YES;
				CLANG_WARN_INT_CONVERSION = YES;
				CLANG_WARN_OBJC_ROOT_CLASS = YES_ERROR;
				CLANG_WARN_UNREACHABLE_CODE = YES;
				CLANG_WARN__DUPLICATE_METHOD_MATCH = YES;
				COPY_PHASE_STRIP = NO;
				ENABLE_STRICT_OBJC_MSGSEND = YES;
				GCC_C_LANGUAGE_STANDARD = gnu99;
				GCC_DYNAMIC_NO_PIC = NO;
				GCC_OPTIMIZATION_LEVEL = 0;
				GCC_PREPROCESSOR_DEFINITIONS = (
					"DEBUG=1",
					"$(inherited)",
				);
				GCC_SYMBOLS_PRIVATE_EXTERN = NO;
				GCC_WARN_64_TO_32_BIT_CONVERSION = YES;
				GCC_WARN_ABOUT_RETURN_TYPE = YES_ERROR;
				GCC_WARN_UNDECLARED_SELECTOR = YES;
				GCC_WARN_UNINITIALIZED_AUTOS = YES_AGGRESSIVE;
				GCC_WARN_UNUSED_FUNCTION = YES;
				GCC_WARN_UNUSED_VARIABLE = YES;
				IPHONEOS_DEPLOYMENT_TARGET = 5.0;
				MTL_ENABLE_DEBUG_INFO = YES;
				ONLY_ACTIVE_ARCH = YES;
				SDKROOT = iphoneos;
			};
			name = Debug;
		};
		1BC73E62198DDED5006B5B3C /* Release */ = {
			isa = XCBuildConfiguration;
			buildSettings = {
				ALWAYS_SEARCH_USER_PATHS = NO;
				CLANG_CXX_LANGUAGE_STANDARD = "gnu++0x";
				CLANG_CXX_LIBRARY = "libc++";
				CLANG_ENABLE_MODULES = YES;
				CLANG_ENABLE_OBJC_ARC = YES;
				CLANG_WARN_BOOL_CONVERSION = YES;
				CLANG_WARN_CONSTANT_CONVERSION = YES;
				CLANG_WARN_DIRECT_OBJC_ISA_USAGE = YES_ERROR;
				CLANG_WARN_EMPTY_BODY = YES;
				CLANG_WARN_ENUM_CONVERSION = YES;
				CLANG_WARN_INT_CONVERSION = YES;
				CLANG_WARN_OBJC_ROOT_CLASS = YES_ERROR;
				CLANG_WARN_UNREACHABLE_CODE = YES;
				CLANG_WARN__DUPLICATE_METHOD_MATCH = YES;
				COPY_PHASE_STRIP = YES;
				ENABLE_NS_ASSERTIONS = NO;
				ENABLE_STRICT_OBJC_MSGSEND = YES;
				GCC_C_LANGUAGE_STANDARD = gnu99;
				GCC_WARN_64_TO_32_BIT_CONVERSION = YES;
				GCC_WARN_ABOUT_RETURN_TYPE = YES_ERROR;
				GCC_WARN_UNDECLARED_SELECTOR = YES;
				GCC_WARN_UNINITIALIZED_AUTOS = YES_AGGRESSIVE;
				GCC_WARN_UNUSED_FUNCTION = YES;
				GCC_WARN_UNUSED_VARIABLE = YES;
				IPHONEOS_DEPLOYMENT_TARGET = 5.0;
				MTL_ENABLE_DEBUG_INFO = NO;
				SDKROOT = iphoneos;
				VALIDATE_PRODUCT = YES;
			};
			name = Release;
		};
		1BC73E64198DDED5006B5B3C /* Debug */ = {
			isa = XCBuildConfiguration;
			baseConfigurationReference = 1BE009E219DE360B00C73DEA /* ASLogger.xcconfig */;
			buildSettings = {
				OTHER_LDFLAGS = "-ObjC";
				PRODUCT_NAME = "$(TARGET_NAME)";
				SKIP_INSTALL = YES;
			};
			name = Debug;
		};
		1BC73E65198DDED5006B5B3C /* Release */ = {
			isa = XCBuildConfiguration;
			baseConfigurationReference = 1BE009E219DE360B00C73DEA /* ASLogger.xcconfig */;
			buildSettings = {
				OTHER_LDFLAGS = "-ObjC";
				PRODUCT_NAME = "$(TARGET_NAME)";
				SKIP_INSTALL = YES;
			};
			name = Release;
		};
/* End XCBuildConfiguration section */

/* Begin XCConfigurationList section */
		1BC73E4A198DDED5006B5B3C /* Build configuration list for PBXProject "ASLogger" */ = {
			isa = XCConfigurationList;
			buildConfigurations = (
				1BC73E61198DDED5006B5B3C /* Debug */,
				1BC73E62198DDED5006B5B3C /* Release */,
			);
			defaultConfigurationIsVisible = 0;
			defaultConfigurationName = Release;
		};
		1BC73E63198DDED5006B5B3C /* Build configuration list for PBXNativeTarget "ASLogger" */ = {
			isa = XCConfigurationList;
			buildConfigurations = (
				1BC73E64198DDED5006B5B3C /* Debug */,
				1BC73E65198DDED5006B5B3C /* Release */,
			);
			defaultConfigurationIsVisible = 0;
			defaultConfigurationName = Release;
		};
/* End XCConfigurationList section */
	};
	rootObject = 1BC73E47198DDED5006B5B3C /* Project object */;
}
